
Microsoft Visual Studio Solution File, Format Version 12.00
# Visual Studio Version 16
VisualStudioVersion = 16.0.30204.135
MinimumVisualStudioVersion = 10.0.40219.1
Project("{FAE04EC0-301F-11D3-BF4B-00C04F79EFBC}") = "ConsoleApp1", "ConsoleApp1.csproj", "{2B02C0D3-7ACE-4943-93C4-039F257345B3}"
EndProject
Global
	GlobalSection(SolutionConfigurationPlatforms) = preSolution
		Debug|Any CPU = Debug|Any CPU
		Release|Any CPU = Release|Any CPU
	EndGlobalSection
	GlobalSection(ProjectConfigurationPlatforms) = postSolution
		{2B02C0D3-7ACE-4943-93C4-039F257345B3}.Debug|Any CPU.ActiveCfg = Debug|Any CPU
		{2B02C0D3-7ACE-4943-93C4-039F257345B3}.Debug|Any CPU.Build.0 = Debug|Any CPU
		{2B02C0D3-7ACE-4943-93C4-039F257345B3}.Release|Any CPU.ActiveCfg = Release|Any CPU
		{2B02C0D3-7ACE-4943-93C4-039F257345B3}.Release|Any CPU.Build.0 = Release|Any CPU
	EndGlobalSection
	GlobalSection(SolutionProperties) = preSolution
		HideSolutionNode = FALSE
	EndGlobalSection
	GlobalSection(ExtensibilityGlobals) = postSolution
		SolutionGuid = {C9D0EFF5-0C8D-4AE7-91B9-9FA27E097F45}
	EndGlobalSection
EndGlobal
